
Microsoft Visual Studio Solution File, Format Version 12.00
# Visual Studio Version 17
VisualStudioVersion = 17.8.34112.27
MinimumVisualStudioVersion = 10.0.40219.1
Project("{9A19103F-16F7-4668-BE54-9A1E7A4F7556}") = "EarlyStart.Service", "EarlyStart.Service\EarlyStart.Service.csproj", "{CCF9F487-4FAB-45A3-9B15-3B97C4992CF8}"
EndProject
Project("{C7167F0D-BC9F-4E6E-AFE1-012C56B48DB5}") = "EarlyStart.Package", "EarlyStart.Package\EarlyStart.Package.wapproj", "{790F293E-1D4C-446E-AD6B-8815C06D0775}"
EndProject
Global
	GlobalSection(SolutionConfigurationPlatforms) = preSolution
		Debug|Any CPU = Debug|Any CPU
		Release|Any CPU = Release|Any CPU
	EndGlobalSection
	GlobalSection(ProjectConfigurationPlatforms) = postSolution
		{CCF9F487-4FAB-45A3-9B15-3B97C4992CF8}.Debug|Any CPU.ActiveCfg = Debug|Any CPU
		{CCF9F487-4FAB-45A3-9B15-3B97C4992CF8}.Debug|Any CPU.Build.0 = Debug|Any CPU
		{CCF9F487-4FAB-45A3-9B15-3B97C4992CF8}.Release|Any CPU.ActiveCfg = Release|Any CPU
		{CCF9F487-4FAB-45A3-9B15-3B97C4992CF8}.Release|Any CPU.Build.0 = Release|Any CPU
		{790F293E-1D4C-446E-AD6B-8815C06D0775}.Debug|Any CPU.ActiveCfg = Debug|Any CPU
		{790F293E-1D4C-446E-AD6B-8815C06D0775}.Debug|Any CPU.Build.0 = Debug|Any CPU
		{790F293E-1D4C-446E-AD6B-8815C06D0775}.Debug|Any CPU.Deploy.0 = Debug|Any CPU
		{790F293E-1D4C-446E-AD6B-8815C06D0775}.Release|Any CPU.ActiveCfg = Release|Any CPU
		{790F293E-1D4C-446E-AD6B-8815C06D0775}.Release|Any CPU.Build.0 = Release|Any CPU
		{790F293E-1D4C-446E-AD6B-8815C06D0775}.Release|Any CPU.Deploy.0 = Release|Any CPU
	EndGlobalSection
	GlobalSection(SolutionProperties) = preSolution
		HideSolutionNode = FALSE
	EndGlobalSection
	GlobalSection(ExtensibilityGlobals) = postSolution
		SolutionGuid = {C6B3BD78-8674-4F90-8CE7-CFC38008D69F}
	EndGlobalSection
EndGlobal
